Microsoft Visual Studio Solution File, Format Version 11.00
# Visual Studio 2008

Project("{9EB7FA1C-47A4-2F91-B23F-30D134D0DF92}") = "MarioGamePartTwo", "Assembly-CSharp.csproj", "{0956E754-D9F5-F288-6532-ACB9BDD17EAB}"
EndProject
Global
	GlobalSection(SolutionConfigurationPlatforms) = preSolution
		Debug|Any CPU = Debug|Any CPU
		Release|Any CPU = Release|Any CPU
	EndGlobalSection
	GlobalSection(ProjectConfigurationPlatforms) = postSolution
		{0956E754-D9F5-F288-6532-ACB9BDD17EAB}.Debug|Any CPU.ActiveCfg = Debug|Any CPU
		{0956E754-D9F5-F288-6532-ACB9BDD17EAB}.Debug|Any CPU.Build.0 = Debug|Any CPU
		{0956E754-D9F5-F288-6532-ACB9BDD17EAB}.Release|Any CPU.ActiveCfg = Release|Any CPU
		{0956E754-D9F5-F288-6532-ACB9BDD17EAB}.Release|Any CPU.Build.0 = Release|Any CPU
	EndGlobalSection
	GlobalSection(SolutionProperties) = preSolution
		HideSolutionNode = FALSE
	EndGlobalSection
	GlobalSection(MonoDevelopProperties) = preSolution
		StartupItem = Assembly-CSharp.csproj
	EndGlobalSection
EndGlobal
