
Microsoft Visual Studio Solution File, Format Version 11.00
# Visual Studio 2010
Project("{FAE04EC0-301F-11D3-BF4B-00C04F79EFBC}") = "MM Project", "Assembly-CSharp.csproj", "{93382118-5C3A-01BE-E68D-EF3E3509C385}"
EndProject
Global
	GlobalSection(SolutionConfigurationPlatforms) = preSolution
		Debug|Any CPU = Debug|Any CPU
		Release|Any CPU = Release|Any CPU
	EndGlobalSection
	GlobalSection(ProjectConfigurationPlatforms) = postSolution
		{93382118-5C3A-01BE-E68D-EF3E3509C385}.Debug|Any CPU.ActiveCfg = Debug|Any CPU
		{93382118-5C3A-01BE-E68D-EF3E3509C385}.Debug|Any CPU.Build.0 = Debug|Any CPU
		{93382118-5C3A-01BE-E68D-EF3E3509C385}.Release|Any CPU.ActiveCfg = Release|Any CPU
		{93382118-5C3A-01BE-E68D-EF3E3509C385}.Release|Any CPU.Build.0 = Release|Any CPU
	EndGlobalSection
	GlobalSection(SolutionProperties) = preSolution
		HideSolutionNode = FALSE
	EndGlobalSection
	GlobalSection(MonoDevelopProperties) = preSolution
		StartupItem = Assembly-CSharp.csproj
	EndGlobalSection
EndGlobal
